<?xml version="1.0" encoding="utf-8"?>
<Project ToolsVersion="4.0" xmlns="http://schemas.microsoft.com/developer/msbuild/2003">
  <ItemGroup>
    <ClCompile Include="arithc.c" />
    <ClCompile Include="bbitio.c" />
    <ClCompile Include="bmpio.c" />
    <ClCompile Include="cacmari.c" />
    <ClCompile Include="chshutil.c" />
    <ClCompile Include="cindcatr.c" />
    <ClCompile Include="codeutil.c" />
    <ClCompile Include="context.c" />
    <ClCompile Include="crbconv.c" />
    <ClCompile Include="crbeqlib.c" />
    <ClCompile Include="crbequtil.c" />
    <ClCompile Include="crc32.c" />
    <ClCompile Include="dbf.c" />
    <ClCompile Include="equtil.c" />
    <ClCompile Include="farithc.c" />
    <ClCompile Include="fbitio.c" />
    <ClCompile Include="fileutil.c" />
    <ClCompile Include="fileutio.c" />
    <ClCompile Include="floatutil.c" />
    <ClCompile Include="huffa.c" />
    <ClCompile Include="huffman2.c" />
    <ClCompile Include="imutil.c" />
    <ClCompile Include="intmath.c" />
    <ClCompile Include="ladder.c" />
    <ClCompile Include="lbitio.c" />
    <ClCompile Include="list.c" />
    <ClCompile Include="log.c" />
    <ClCompile Include="matchpat.c" />
    <ClCompile Include="MATRIX.C" />
    <ClCompile Include="mempool.c" />
    <ClCompile Include="memutil.c" />
    <ClCompile Include="mtf.c" />
    <ClCompile Include="myassert.c" />
    <ClCompile Include="o0coder.c" />
    <ClCompile Include="o1coder.c" />
    <ClCompile Include="report.c" />
    <ClCompile Include="rungae.c" />
    <ClCompile Include="rungo1.c" />
    <ClCompile Include="runtrans.c" />
    <ClCompile Include="scontext.c" />
    <ClCompile Include="sortnods.c" />
    <ClCompile Include="soz.c" />
    <ClCompile Include="strutil.c" />
    <ClCompile Include="timer.c" />
    <ClCompile Include="tsc.c" />
    <ClCompile Include="walker.c" />
    <ClCompile Include="VECTOR.C" />
    <ClCompile Include="vqarith.c" />
  </ItemGroup>
  <ItemGroup>
    <ClInclude Include="arithc.h" />
    <ClInclude Include="bbitio.h" />
    <ClInclude Include="bmpio.h" />
    <ClInclude Include="cacmari.h" />
    <ClInclude Include="chshutil.h" />
    <ClInclude Include="cindcatr.h" />
    <ClInclude Include="codeutil.h" />
    <ClInclude Include="context.h" />
    <ClInclude Include="crbconv.h" />
    <ClInclude Include="crbeqlib.h" />
    <ClInclude Include="crc32.h" />
    <ClInclude Include="equtil.h" />
    <ClInclude Include="farithc.h" />
    <ClInclude Include="fbitio.h" />
    <ClInclude Include="fileutil.h" />
    <ClInclude Include="floatutil.h" />
    <ClInclude Include="huffa.h" />
    <ClInclude Include="huffman2.h" />
    <ClInclude Include="imutil.h" />
    <ClInclude Include="inc.h" />
    <ClInclude Include="intmath.h" />
    <ClInclude Include="ladder.h" />
    <ClInclude Include="lbitio.h" />
    <ClInclude Include="list.h" />
    <ClInclude Include="log.h" />
    <ClInclude Include="matchpat.h" />
    <ClInclude Include="MATRIX.H" />
    <ClInclude Include="mempool.h" />
    <ClInclude Include="memutil.h" />
    <ClInclude Include="mtf.h" />
    <ClInclude Include="myassert.h" />
    <ClInclude Include="o0coder.h" />
    <ClInclude Include="o1coder.h" />
    <ClInclude Include="report.h" />
    <ClInclude Include="rungae.h" />
    <ClInclude Include="rungo1.h" />
    <ClInclude Include="runtrans.h" />
    <ClInclude Include="scontext.h" />
    <ClInclude Include="sortnods.h" />
    <ClInclude Include="soz.h" />
    <ClInclude Include="strutil.h" />
    <ClInclude Include="timer.h" />
    <ClInclude Include="tsc.h" />
    <ClInclude Include="walker.h" />
    <ClInclude Include="VECTOR.H" />
    <ClInclude Include="vqarith.h" />
  </ItemGroup>
</Project>